
Microsoft Visual Studio Solution File, Format Version 12.00
# Visual Studio Version 17
VisualStudioVersion = 17.14.36202.13 d17.14
MinimumVisualStudioVersion = 10.0.40219.1
Project("{FAE04EC0-301F-11D3-BF4B-00C04F79EFBC}") = "FashionSell", "FashionSell\FashionSell.csproj", "{28A60F9C-1550-4C73-9F37-90123FDBE8DD}"
EndProject
Global
	GlobalSection(SolutionConfigurationPlatforms) = preSolution
		Debug|Any CPU = Debug|Any CPU
		Release|Any CPU = Release|Any CPU
	EndGlobalSection
	GlobalSection(ProjectConfigurationPlatforms) = postSolution
		{28A60F9C-1550-4C73-9F37-90123FDBE8DD}.Debug|Any CPU.ActiveCfg = Debug|Any CPU
		{28A60F9C-1550-4C73-9F37-90123FDBE8DD}.Debug|Any CPU.Build.0 = Debug|Any CPU
		{28A60F9C-1550-4C73-9F37-90123FDBE8DD}.Release|Any CPU.ActiveCfg = Release|Any CPU
		{28A60F9C-1550-4C73-9F37-90123FDBE8DD}.Release|Any CPU.Build.0 = Release|Any CPU
	EndGlobalSection
	GlobalSection(SolutionProperties) = preSolution
		HideSolutionNode = FALSE
	EndGlobalSection
	GlobalSection(ExtensibilityGlobals) = postSolution
		SolutionGuid = {491EC9EC-B205-4250-8FFE-D9E9C3B5FE27}
	EndGlobalSection
EndGlobal
